
Microsoft Visual Studio Solution File, Format Version 12.00
# Visual Studio Version 16
VisualStudioVersion = 16.0.29920.165
MinimumVisualStudioVersion = 10.0.40219.1
Project("{8BC9CEB8-8B4A-11D0-8D11-00A0C91BC942}") = "Deep", "Deep.vcxproj", "{908E80F3-0B3D-483D-A490-02994B038895}"
EndProject
Global
	GlobalSection(SolutionConfigurationPlatforms) = preSolution
		Debug|x64 = Debug|x64
		Debug|x86 = Debug|x86
		Release|x64 = Release|x64
		Release|x86 = Release|x86
	EndGlobalSection
	GlobalSection(ProjectConfigurationPlatforms) = postSolution
		{908E80F3-0B3D-483D-A490-02994B038895}.Debug|x64.ActiveCfg = Debug|x64
		{908E80F3-0B3D-483D-A490-02994B038895}.Debug|x64.Build.0 = Debug|x64
		{908E80F3-0B3D-483D-A490-02994B038895}.Debug|x86.ActiveCfg = Debug|Win32
		{908E80F3-0B3D-483D-A490-02994B038895}.Debug|x86.Build.0 = Debug|Win32
		{908E80F3-0B3D-483D-A490-02994B038895}.Release|x64.ActiveCfg = Debug|x64
		{908E80F3-0B3D-483D-A490-02994B038895}.Release|x64.Build.0 = Debug|x64
		{908E80F3-0B3D-483D-A490-02994B038895}.Release|x86.ActiveCfg = Release|Win32
		{908E80F3-0B3D-483D-A490-02994B038895}.Release|x86.Build.0 = Release|Win32
	EndGlobalSection
	GlobalSection(SolutionProperties) = preSolution
		HideSolutionNode = FALSE
	EndGlobalSection
	GlobalSection(ExtensibilityGlobals) = postSolution
		SolutionGuid = {48CE86EB-84C0-4DFC-922C-D8C9D23FE7C3}
	EndGlobalSection
EndGlobal
